
Microsoft Visual Studio Solution File, Format Version 12.00
# Visual Studio 15
VisualStudioVersion = 15.0.27130.2024
MinimumVisualStudioVersion = 10.0.40219.1
Project("{FAE04EC0-301F-11D3-BF4B-00C04F79EFBC}") = "SimpleCalculator", "SimpleCalculator.csproj", "{B069768F-8B5D-45F1-9598-17C46221D273}"
EndProject
Project("{FAE04EC0-301F-11D3-BF4B-00C04F79EFBC}") = "Calculator", "..\Calculator\Calculator.csproj", "{647A86B9-DECF-406F-ABC6-925F67CF215E}"
EndProject
Project("{FAE04EC0-301F-11D3-BF4B-00C04F79EFBC}") = "Calculator.Tests", "Calculator.Tests\Calculator.Tests.csproj", "{C243CB24-4F20-493D-9287-5C5B8C878E7E}"
EndProject
Project("{FAE04EC0-301F-11D3-BF4B-00C04F79EFBC}") = "NameJoiner", "..\NameJoiner\NameJoiner.csproj", "{2C9A5D64-BB41-4568-B7AA-D7088F8C2F57}"
EndProject
Project("{FAE04EC0-301F-11D3-BF4B-00C04F79EFBC}") = "NameJoiner.Tests", "NameJoiner.Tests\NameJoiner.Tests.csproj", "{5FA7EC16-DB32-4601-9243-BC25E3A7D0BD}"
EndProject
Project("{FAE04EC0-301F-11D3-BF4B-00C04F79EFBC}") = "SpecialDateStoreDemo", "SpecialDateStoreDemo\SpecialDateStoreDemo.csproj", "{E9E689FD-EC7F-4987-8E38-72FD3776C286}"
EndProject
Project("{FAE04EC0-301F-11D3-BF4B-00C04F79EFBC}") = "SpecialDateStoreDemo.Tests", "SpecialDateStoreDemo.Tests\SpecialDateStoreDemo.Tests.csproj", "{7ECAF255-50DA-4F0A-91C5-338ED4F32455}"
EndProject
Project("{FAE04EC0-301F-11D3-BF4B-00C04F79EFBC}") = "PlayerCharacterApp", "..\PlayerCharacterApp\PlayerCharacterApp.csproj", "{D404485D-0D7C-41D9-BA86-1D37861AEE78}"
EndProject
Project("{FAE04EC0-301F-11D3-BF4B-00C04F79EFBC}") = "PlayerCharacterApp.Tests", "PlayerCharacterApp.Tests\PlayerCharacterApp.Tests.csproj", "{98881052-3E6C-4A6F-8081-7696E5D9BD25}"
EndProject
Project("{FAE04EC0-301F-11D3-BF4B-00C04F79EFBC}") = "EnemyFactoryApp.Test", "EnemyFactoryApp.Test\EnemyFactoryApp.Test.csproj", "{8FB4192E-A62B-409B-9C1D-4BC6891BD508}"
EndProject
Project("{FAE04EC0-301F-11D3-BF4B-00C04F79EFBC}") = "EnemyFactorApp", "EnemyFactorApp\EnemyFactorApp.csproj", "{F24151B2-71F8-4C8C-A6EF-9F6A2E205A5B}"
EndProject
Project("{FAE04EC0-301F-11D3-BF4B-00C04F79EFBC}") = "MemoryCalculatorApp", "MemoryCalculator\MemoryCalculatorApp.csproj", "{9DF0B89C-B703-43C2-B20A-0A983D8B2F8E}"
EndProject
Global
	GlobalSection(SolutionConfigurationPlatforms) = preSolution
		Debug|Any CPU = Debug|Any CPU
		Release|Any CPU = Release|Any CPU
	EndGlobalSection
	GlobalSection(ProjectConfigurationPlatforms) = postSolution
		{B069768F-8B5D-45F1-9598-17C46221D273}.Debug|Any CPU.ActiveCfg = Debug|Any CPU
		{B069768F-8B5D-45F1-9598-17C46221D273}.Debug|Any CPU.Build.0 = Debug|Any CPU
		{B069768F-8B5D-45F1-9598-17C46221D273}.Release|Any CPU.ActiveCfg = Release|Any CPU
		{B069768F-8B5D-45F1-9598-17C46221D273}.Release|Any CPU.Build.0 = Release|Any CPU
		{647A86B9-DECF-406F-ABC6-925F67CF215E}.Debug|Any CPU.ActiveCfg = Debug|Any CPU
		{647A86B9-DECF-406F-ABC6-925F67CF215E}.Debug|Any CPU.Build.0 = Debug|Any CPU
		{647A86B9-DECF-406F-ABC6-925F67CF215E}.Release|Any CPU.ActiveCfg = Release|Any CPU
		{647A86B9-DECF-406F-ABC6-925F67CF215E}.Release|Any CPU.Build.0 = Release|Any CPU
		{C243CB24-4F20-493D-9287-5C5B8C878E7E}.Debug|Any CPU.ActiveCfg = Debug|Any CPU
		{C243CB24-4F20-493D-9287-5C5B8C878E7E}.Debug|Any CPU.Build.0 = Debug|Any CPU
		{C243CB24-4F20-493D-9287-5C5B8C878E7E}.Release|Any CPU.ActiveCfg = Release|Any CPU
		{C243CB24-4F20-493D-9287-5C5B8C878E7E}.Release|Any CPU.Build.0 = Release|Any CPU
		{2C9A5D64-BB41-4568-B7AA-D7088F8C2F57}.Debug|Any CPU.ActiveCfg = Debug|Any CPU
		{2C9A5D64-BB41-4568-B7AA-D7088F8C2F57}.Debug|Any CPU.Build.0 = Debug|Any CPU
		{2C9A5D64-BB41-4568-B7AA-D7088F8C2F57}.Release|Any CPU.ActiveCfg = Release|Any CPU
		{2C9A5D64-BB41-4568-B7AA-D7088F8C2F57}.Release|Any CPU.Build.0 = Release|Any CPU
		{5FA7EC16-DB32-4601-9243-BC25E3A7D0BD}.Debug|Any CPU.ActiveCfg = Debug|Any CPU
		{5FA7EC16-DB32-4601-9243-BC25E3A7D0BD}.Debug|Any CPU.Build.0 = Debug|Any CPU
		{5FA7EC16-DB32-4601-9243-BC25E3A7D0BD}.Release|Any CPU.ActiveCfg = Release|Any CPU
		{5FA7EC16-DB32-4601-9243-BC25E3A7D0BD}.Release|Any CPU.Build.0 = Release|Any CPU
		{E9E689FD-EC7F-4987-8E38-72FD3776C286}.Debug|Any CPU.ActiveCfg = Debug|Any CPU
		{E9E689FD-EC7F-4987-8E38-72FD3776C286}.Debug|Any CPU.Build.0 = Debug|Any CPU
		{E9E689FD-EC7F-4987-8E38-72FD3776C286}.Release|Any CPU.ActiveCfg = Release|Any CPU
		{E9E689FD-EC7F-4987-8E38-72FD3776C286}.Release|Any CPU.Build.0 = Release|Any CPU
		{7ECAF255-50DA-4F0A-91C5-338ED4F32455}.Debug|Any CPU.ActiveCfg = Debug|Any CPU
		{7ECAF255-50DA-4F0A-91C5-338ED4F32455}.Debug|Any CPU.Build.0 = Debug|Any CPU
		{7ECAF255-50DA-4F0A-91C5-338ED4F32455}.Release|Any CPU.ActiveCfg = Release|Any CPU
		{7ECAF255-50DA-4F0A-91C5-338ED4F32455}.Release|Any CPU.Build.0 = Release|Any CPU
		{D404485D-0D7C-41D9-BA86-1D37861AEE78}.Debug|Any CPU.ActiveCfg = Debug|Any CPU
		{D404485D-0D7C-41D9-BA86-1D37861AEE78}.Debug|Any CPU.Build.0 = Debug|Any CPU
		{D404485D-0D7C-41D9-BA86-1D37861AEE78}.Release|Any CPU.ActiveCfg = Release|Any CPU
		{D404485D-0D7C-41D9-BA86-1D37861AEE78}.Release|Any CPU.Build.0 = Release|Any CPU
		{98881052-3E6C-4A6F-8081-7696E5D9BD25}.Debug|Any CPU.ActiveCfg = Debug|Any CPU
		{98881052-3E6C-4A6F-8081-7696E5D9BD25}.Debug|Any CPU.Build.0 = Debug|Any CPU
		{98881052-3E6C-4A6F-8081-7696E5D9BD25}.Release|Any CPU.ActiveCfg = Release|Any CPU
		{98881052-3E6C-4A6F-8081-7696E5D9BD25}.Release|Any CPU.Build.0 = Release|Any CPU
		{8FB4192E-A62B-409B-9C1D-4BC6891BD508}.Debug|Any CPU.ActiveCfg = Debug|Any CPU
		{8FB4192E-A62B-409B-9C1D-4BC6891BD508}.Debug|Any CPU.Build.0 = Debug|Any CPU
		{8FB4192E-A62B-409B-9C1D-4BC6891BD508}.Release|Any CPU.ActiveCfg = Release|Any CPU
		{8FB4192E-A62B-409B-9C1D-4BC6891BD508}.Release|Any CPU.Build.0 = Release|Any CPU
		{F24151B2-71F8-4C8C-A6EF-9F6A2E205A5B}.Debug|Any CPU.ActiveCfg = Debug|Any CPU
		{F24151B2-71F8-4C8C-A6EF-9F6A2E205A5B}.Debug|Any CPU.Build.0 = Debug|Any CPU
		{F24151B2-71F8-4C8C-A6EF-9F6A2E205A5B}.Release|Any CPU.ActiveCfg = Release|Any CPU
		{F24151B2-71F8-4C8C-A6EF-9F6A2E205A5B}.Release|Any CPU.Build.0 = Release|Any CPU
		{9DF0B89C-B703-43C2-B20A-0A983D8B2F8E}.Debug|Any CPU.ActiveCfg = Debug|Any CPU
		{9DF0B89C-B703-43C2-B20A-0A983D8B2F8E}.Debug|Any CPU.Build.0 = Debug|Any CPU
		{9DF0B89C-B703-43C2-B20A-0A983D8B2F8E}.Release|Any CPU.ActiveCfg = Release|Any CPU
		{9DF0B89C-B703-43C2-B20A-0A983D8B2F8E}.Release|Any CPU.Build.0 = Release|Any CPU
	EndGlobalSection
	GlobalSection(SolutionProperties) = preSolution
		HideSolutionNode = FALSE
	EndGlobalSection
	GlobalSection(ExtensibilityGlobals) = postSolution
		SolutionGuid = {91531847-489E-473D-B925-655F223B1C97}
	EndGlobalSection
EndGlobal
